
Microsoft Visual Studio Solution File, Format Version 12.00
# Visual Studio Version 17
VisualStudioVersion = 17.11.35222.181
MinimumVisualStudioVersion = 10.0.40219.1
Project("{8BC9CEB8-8B4A-11D0-8D11-00A0C91BC942}") = "BOJ_31831", "BOJ_31831.vcxproj", "{21FB86FE-5B85-4AB9-B3D1-7DCC92CC8C13}"
EndProject
Global
	GlobalSection(SolutionConfigurationPlatforms) = preSolution
		Debug|x64 = Debug|x64
		Release|x64 = Release|x64
	EndGlobalSection
	GlobalSection(ProjectConfigurationPlatforms) = postSolution
		{21FB86FE-5B85-4AB9-B3D1-7DCC92CC8C13}.Debug|x64.ActiveCfg = Debug|x64
		{21FB86FE-5B85-4AB9-B3D1-7DCC92CC8C13}.Debug|x64.Build.0 = Debug|x64
		{21FB86FE-5B85-4AB9-B3D1-7DCC92CC8C13}.Release|x64.ActiveCfg = Release|x64
		{21FB86FE-5B85-4AB9-B3D1-7DCC92CC8C13}.Release|x64.Build.0 = Release|x64
	EndGlobalSection
	GlobalSection(SolutionProperties) = preSolution
		HideSolutionNode = FALSE
	EndGlobalSection
	GlobalSection(ExtensibilityGlobals) = postSolution
		SolutionGuid = {6038F718-8942-49A0-8904-D67044CD5F8E}
	EndGlobalSection
EndGlobal
